
Microsoft Visual Studio Solution File, Format Version 12.00
# Visual Studio Version 16
VisualStudioVersion = 16.0.31605.320
MinimumVisualStudioVersion = 10.0.40219.1
Project("{FAE04EC0-301F-11D3-BF4B-00C04F79EFBC}") = "CalculatorRoman", "CalculatorRoman\CalculatorRoman.csproj", "{2AA8E753-5EBA-42D5-84EA-EB9D74DE8DC3}"
EndProject
Global
	GlobalSection(SolutionConfigurationPlatforms) = preSolution
		Debug|Any CPU = Debug|Any CPU
		Release|Any CPU = Release|Any CPU
	EndGlobalSection
	GlobalSection(ProjectConfigurationPlatforms) = postSolution
		{2AA8E753-5EBA-42D5-84EA-EB9D74DE8DC3}.Debug|Any CPU.ActiveCfg = Debug|Any CPU
		{2AA8E753-5EBA-42D5-84EA-EB9D74DE8DC3}.Debug|Any CPU.Build.0 = Debug|Any CPU
		{2AA8E753-5EBA-42D5-84EA-EB9D74DE8DC3}.Release|Any CPU.ActiveCfg = Release|Any CPU
		{2AA8E753-5EBA-42D5-84EA-EB9D74DE8DC3}.Release|Any CPU.Build.0 = Release|Any CPU
	EndGlobalSection
	GlobalSection(SolutionProperties) = preSolution
		HideSolutionNode = FALSE
	EndGlobalSection
	GlobalSection(ExtensibilityGlobals) = postSolution
		SolutionGuid = {49EA9F4D-58DA-4D1C-94B8-0301CA3B2018}
	EndGlobalSection
EndGlobal
